
Microsoft Visual Studio Solution File, Format Version 12.00
# Visual Studio 2013
VisualStudioVersion = 12.0.31101.0
MinimumVisualStudioVersion = 10.0.40219.1
Project("{FAE04EC0-301F-11D3-BF4B-00C04F79EFBC}") = "litehttp", "litehttp\litehttp.csproj", "{45C90946-2532-4E3D-BAA9-C7889BE75774}"
EndProject
Project("{2150E333-8FDC-42A3-9474-1A3956D46DE8}") = "Examples", "Examples", "{01D7A549-1FCE-4AD3-829E-0434CF5B5B06}"
EndProject
Project("{FAE04EC0-301F-11D3-BF4B-00C04F79EFBC}") = "LiteServer", "LiteServer\LiteServer.csproj", "{02E9AB5E-8EB6-4421-88D7-5F442DA52439}"
EndProject
Project("{2150E333-8FDC-42A3-9474-1A3956D46DE8}") = ".nuget", ".nuget", "{DB95B3ED-FD9B-41B8-944E-2CD1CEC379D0}"
	ProjectSection(SolutionItems) = preProject
		.nuget\NuGet.Config = .nuget\NuGet.Config
		.nuget\NuGet.exe = .nuget\NuGet.exe
		.nuget\NuGet.targets = .nuget\NuGet.targets
	EndProjectSection
EndProject
Global
	GlobalSection(SolutionConfigurationPlatforms) = preSolution
		Debug|Any CPU = Debug|Any CPU
		Release|Any CPU = Release|Any CPU
	EndGlobalSection
	GlobalSection(ProjectConfigurationPlatforms) = postSolution
		{45C90946-2532-4E3D-BAA9-C7889BE75774}.Debug|Any CPU.ActiveCfg = Debug|Any CPU
		{45C90946-2532-4E3D-BAA9-C7889BE75774}.Debug|Any CPU.Build.0 = Debug|Any CPU
		{45C90946-2532-4E3D-BAA9-C7889BE75774}.Release|Any CPU.ActiveCfg = Release|Any CPU
		{45C90946-2532-4E3D-BAA9-C7889BE75774}.Release|Any CPU.Build.0 = Release|Any CPU
		{02E9AB5E-8EB6-4421-88D7-5F442DA52439}.Debug|Any CPU.ActiveCfg = Debug|Any CPU
		{02E9AB5E-8EB6-4421-88D7-5F442DA52439}.Debug|Any CPU.Build.0 = Debug|Any CPU
		{02E9AB5E-8EB6-4421-88D7-5F442DA52439}.Release|Any CPU.ActiveCfg = Release|Any CPU
		{02E9AB5E-8EB6-4421-88D7-5F442DA52439}.Release|Any CPU.Build.0 = Release|Any CPU
	EndGlobalSection
	GlobalSection(SolutionProperties) = preSolution
		HideSolutionNode = FALSE
	EndGlobalSection
	GlobalSection(NestedProjects) = preSolution
		{02E9AB5E-8EB6-4421-88D7-5F442DA52439} = {01D7A549-1FCE-4AD3-829E-0434CF5B5B06}
	EndGlobalSection
EndGlobal
